
Microsoft Visual Studio Solution File, Format Version 12.00
# Visual Studio 15
VisualStudioVersion = 15.0.28307.960
MinimumVisualStudioVersion = 10.0.40219.1
Project("{8BC9CEB8-8B4A-11D0-8D11-00A0C91BC942}") = "GEN-TABLES-6502", "GEN-TABLES-6502\GEN-TABLES-6502.vcxproj", "{55C5F650-1F69-49DC-BC08-AD8C4C775D2B}"
EndProject
Project("{8BC9CEB8-8B4A-11D0-8D11-00A0C91BC942}") = "wla-6502", "WLA-6502\WLA-6502.vcxproj", "{1DCD98F3-D5D9-49C2-AC69-E7491714CB3F}"
	ProjectSection(ProjectDependencies) = postProject
		{55C5F650-1F69-49DC-BC08-AD8C4C775D2B} = {55C5F650-1F69-49DC-BC08-AD8C4C775D2B}
	EndProjectSection
EndProject
Project("{8BC9CEB8-8B4A-11D0-8D11-00A0C91BC942}") = "wlalink", "WLALINK\WLALINK.vcxproj", "{BB7C84A2-C7D2-48D4-BDD1-76E1CA82401D}"
EndProject
Project("{8BC9CEB8-8B4A-11D0-8D11-00A0C91BC942}") = "GEN-TABLES-65C02", "GEN-TABLES-65C02\GEN-TABLES-65C02.vcxproj", "{51D3C659-8834-485E-BB2B-0BFC42B4AA4A}"
EndProject
Project("{8BC9CEB8-8B4A-11D0-8D11-00A0C91BC942}") = "wla-65c02", "WLA-65C02\WLA-65C02.vcxproj", "{2CC2DB1C-7198-4454-AB93-5AF4D7065552}"
	ProjectSection(ProjectDependencies) = postProject
		{51D3C659-8834-485E-BB2B-0BFC42B4AA4A} = {51D3C659-8834-485E-BB2B-0BFC42B4AA4A}
	EndProjectSection
EndProject
Project("{8BC9CEB8-8B4A-11D0-8D11-00A0C91BC942}") = "GEN-TABLES-6510", "GEN-TABLES-6510\GEN-TABLES-6510.vcxproj", "{24549944-CD9A-4EB8-A456-D10463C415EF}"
EndProject
Project("{8BC9CEB8-8B4A-11D0-8D11-00A0C91BC942}") = "GEN-TABLES-6800", "GEN-TABLES-6800\GEN-TABLES-6800.vcxproj", "{EA685FA2-2E08-455F-870D-7A1226B36067}"
EndProject
Project("{8BC9CEB8-8B4A-11D0-8D11-00A0C91BC942}") = "GEN-TABLES-6801", "GEN-TABLES-6801\GEN-TABLES-6801.vcxproj", "{771E2617-573F-4E15-B94C-B860E1C515FF}"
EndProject
Project("{8BC9CEB8-8B4A-11D0-8D11-00A0C91BC942}") = "GEN-TABLES-6809", "GEN-TABLES-6809\GEN-TABLES-6809.vcxproj", "{841C3922-4BA3-4B8D-91F3-23AFBFA24AF3}"
EndProject
Project("{8BC9CEB8-8B4A-11D0-8D11-00A0C91BC942}") = "GEN-TABLES-8008", "GEN-TABLES-8008\GEN-TABLES-8008.vcxproj", "{C1B1CEC4-E498-4D09-B8FF-8FC22F127B1A}"
EndProject
Project("{8BC9CEB8-8B4A-11D0-8D11-00A0C91BC942}") = "GEN-TABLES-8080", "GEN-TABLES-8080\GEN-TABLES-8080.vcxproj", "{DC0FC2B9-3AC8-438A-97B0-AB27DEBBF3DC}"
EndProject
Project("{8BC9CEB8-8B4A-11D0-8D11-00A0C91BC942}") = "GEN-TABLES-65816", "GEN-TABLES-65816\GEN-TABLES-65816.vcxproj", "{B932E477-1D1F-4D76-9968-4EBBD74F0CBA}"
EndProject
Project("{8BC9CEB8-8B4A-11D0-8D11-00A0C91BC942}") = "GEN-TABLES-GB", "GEN-TABLES-GB\GEN-TABLES-GB.vcxproj", "{4EA51E70-D023-4A44-9C79-96D632A0DD77}"
EndProject
Project("{8BC9CEB8-8B4A-11D0-8D11-00A0C91BC942}") = "GEN-TABLES-HUC6280", "GEN-TABLES-HUC6280\GEN-TABLES-HUC6280.vcxproj", "{EC048E7D-2927-4A28-AC06-A4BE7B6B7DFF}"
EndProject
Project("{8BC9CEB8-8B4A-11D0-8D11-00A0C91BC942}") = "GEN-TABLES-SPC700", "GEN-TABLES-SPC700\GEN-TABLES-SPC700.vcxproj", "{51D24FD7-9770-4B61-B0A8-853B340CE6D2}"
EndProject
Project("{8BC9CEB8-8B4A-11D0-8D11-00A0C91BC942}") = "GEN-TABLES-Z80", "GEN-TABLES-Z80\GEN-TABLES-Z80.vcxproj", "{628B7458-0585-43E7-8569-C2C902A7EEAC}"
EndProject
Project("{8BC9CEB8-8B4A-11D0-8D11-00A0C91BC942}") = "wla-6510", "WLA-6510\WLA-6510.vcxproj", "{4E606A83-34A0-4F87-BFE4-8FE8E59E2E3F}"
	ProjectSection(ProjectDependencies) = postProject
		{24549944-CD9A-4EB8-A456-D10463C415EF} = {24549944-CD9A-4EB8-A456-D10463C415EF}
	EndProjectSection
EndProject
Project("{8BC9CEB8-8B4A-11D0-8D11-00A0C91BC942}") = "wla-65816", "WLA-65816\WLA-65816.vcxproj", "{7C075FD3-390E-466C-AAC1-B8D8B5F74A51}"
	ProjectSection(ProjectDependencies) = postProject
		{B932E477-1D1F-4D76-9968-4EBBD74F0CBA} = {B932E477-1D1F-4D76-9968-4EBBD74F0CBA}
	EndProjectSection
EndProject
Project("{8BC9CEB8-8B4A-11D0-8D11-00A0C91BC942}") = "wla-6800", "WLA-6800\WLA-6800.vcxproj", "{0204E372-DF53-46F8-B712-D5B411A74D9D}"
	ProjectSection(ProjectDependencies) = postProject
		{EA685FA2-2E08-455F-870D-7A1226B36067} = {EA685FA2-2E08-455F-870D-7A1226B36067}
	EndProjectSection
EndProject
Project("{8BC9CEB8-8B4A-11D0-8D11-00A0C91BC942}") = "wla-6801", "WLA-6801\WLA-6801.vcxproj", "{D682B410-12F7-4502-89AF-AC418B5271FB}"
	ProjectSection(ProjectDependencies) = postProject
		{771E2617-573F-4E15-B94C-B860E1C515FF} = {771E2617-573F-4E15-B94C-B860E1C515FF}
	EndProjectSection
EndProject
Project("{8BC9CEB8-8B4A-11D0-8D11-00A0C91BC942}") = "wla-6809", "WLA-6809\WLA-6809.vcxproj", "{D9F19CB9-F5DE-48AA-97CB-D90DC730732A}"
	ProjectSection(ProjectDependencies) = postProject
		{841C3922-4BA3-4B8D-91F3-23AFBFA24AF3} = {841C3922-4BA3-4B8D-91F3-23AFBFA24AF3}
	EndProjectSection
EndProject
Project("{8BC9CEB8-8B4A-11D0-8D11-00A0C91BC942}") = "wla-8008", "WLA-8008\WLA-8008.vcxproj", "{CDF5A76B-F0DD-4502-91F7-A77FC74B0E64}"
	ProjectSection(ProjectDependencies) = postProject
		{C1B1CEC4-E498-4D09-B8FF-8FC22F127B1A} = {C1B1CEC4-E498-4D09-B8FF-8FC22F127B1A}
	EndProjectSection
EndProject
Project("{8BC9CEB8-8B4A-11D0-8D11-00A0C91BC942}") = "wla-8080", "WLA-8080\WLA-8080.vcxproj", "{20C995A9-8AEC-44D7-A91B-5178DD32D710}"
	ProjectSection(ProjectDependencies) = postProject
		{DC0FC2B9-3AC8-438A-97B0-AB27DEBBF3DC} = {DC0FC2B9-3AC8-438A-97B0-AB27DEBBF3DC}
	EndProjectSection
EndProject
Project("{8BC9CEB8-8B4A-11D0-8D11-00A0C91BC942}") = "wla-gb", "WLA-GB\WLA-GB.vcxproj", "{C5D29413-6B3B-4EB5-B98E-0EA2458D4BF8}"
	ProjectSection(ProjectDependencies) = postProject
		{4EA51E70-D023-4A44-9C79-96D632A0DD77} = {4EA51E70-D023-4A44-9C79-96D632A0DD77}
	EndProjectSection
EndProject
Project("{8BC9CEB8-8B4A-11D0-8D11-00A0C91BC942}") = "wla-huc6280", "WLA-HUC6280\WLA-HUC6280.vcxproj", "{DBF14DAE-0418-4587-BE94-AD51C5AAF391}"
	ProjectSection(ProjectDependencies) = postProject
		{EC048E7D-2927-4A28-AC06-A4BE7B6B7DFF} = {EC048E7D-2927-4A28-AC06-A4BE7B6B7DFF}
	EndProjectSection
EndProject
Project("{8BC9CEB8-8B4A-11D0-8D11-00A0C91BC942}") = "wla-spc700", "WLA-SPC700\WLA-SPC700.vcxproj", "{9AAC43FF-FEB5-40AE-823E-110DCAA77DB5}"
	ProjectSection(ProjectDependencies) = postProject
		{51D24FD7-9770-4B61-B0A8-853B340CE6D2} = {51D24FD7-9770-4B61-B0A8-853B340CE6D2}
	EndProjectSection
EndProject
Project("{8BC9CEB8-8B4A-11D0-8D11-00A0C91BC942}") = "wla-z80", "WLA-Z80\WLA-Z80.vcxproj", "{386F1322-97D4-4795-8811-27734A9BEE1E}"
	ProjectSection(ProjectDependencies) = postProject
		{628B7458-0585-43E7-8569-C2C902A7EEAC} = {628B7458-0585-43E7-8569-C2C902A7EEAC}
	EndProjectSection
EndProject
Project("{8BC9CEB8-8B4A-11D0-8D11-00A0C91BC942}") = "byte_tester", "BYTE_TESTER\BYTE_TESTER.vcxproj", "{27AF0487-5FC9-4A78-920A-276063CA2FBB}"
EndProject
Project("{8BC9CEB8-8B4A-11D0-8D11-00A0C91BC942}") = "wlab", "WLAB\WLAB.vcxproj", "{2FE3321D-8779-42E4-B28B-2F84F35CE845}"
EndProject
Project("{8BC9CEB8-8B4A-11D0-8D11-00A0C91BC942}") = "GEN-TABLES-65CE02", "GEN-TABLES-65CE02\GEN-TABLES-65CE02.vcxproj", "{08A33FB2-EBA7-4DC3-8711-E3ECFAF741EF}"
EndProject
Project("{8BC9CEB8-8B4A-11D0-8D11-00A0C91BC942}") = "wla-65ce02", "WLA-65CE02\WLA-65CE02.vcxproj", "{7C2526A5-A48C-49E2-80A3-9B2679929F08}"
	ProjectSection(ProjectDependencies) = postProject
		{08A33FB2-EBA7-4DC3-8711-E3ECFAF741EF} = {08A33FB2-EBA7-4DC3-8711-E3ECFAF741EF}
	EndProjectSection
EndProject
Global
	GlobalSection(SolutionConfigurationPlatforms) = preSolution
		Debug|x64 = Debug|x64
		Debug|x86 = Debug|x86
		Release|x64 = Release|x64
		Release|x86 = Release|x86
	EndGlobalSection
	GlobalSection(ProjectConfigurationPlatforms) = postSolution
		{55C5F650-1F69-49DC-BC08-AD8C4C775D2B}.Debug|x64.ActiveCfg = Debug|x64
		{55C5F650-1F69-49DC-BC08-AD8C4C775D2B}.Debug|x64.Build.0 = Debug|x64
		{55C5F650-1F69-49DC-BC08-AD8C4C775D2B}.Debug|x86.ActiveCfg = Debug|Win32
		{55C5F650-1F69-49DC-BC08-AD8C4C775D2B}.Debug|x86.Build.0 = Debug|Win32
		{55C5F650-1F69-49DC-BC08-AD8C4C775D2B}.Release|x64.ActiveCfg = Release|x64
		{55C5F650-1F69-49DC-BC08-AD8C4C775D2B}.Release|x64.Build.0 = Release|x64
		{55C5F650-1F69-49DC-BC08-AD8C4C775D2B}.Release|x86.ActiveCfg = Release|Win32
		{55C5F650-1F69-49DC-BC08-AD8C4C775D2B}.Release|x86.Build.0 = Release|Win32
		{1DCD98F3-D5D9-49C2-AC69-E7491714CB3F}.Debug|x64.ActiveCfg = Debug|x64
		{1DCD98F3-D5D9-49C2-AC69-E7491714CB3F}.Debug|x64.Build.0 = Debug|x64
		{1DCD98F3-D5D9-49C2-AC69-E7491714CB3F}.Debug|x86.ActiveCfg = Debug|Win32
		{1DCD98F3-D5D9-49C2-AC69-E7491714CB3F}.Debug|x86.Build.0 = Debug|Win32
		{1DCD98F3-D5D9-49C2-AC69-E7491714CB3F}.Release|x64.ActiveCfg = Release|x64
		{1DCD98F3-D5D9-49C2-AC69-E7491714CB3F}.Release|x64.Build.0 = Release|x64
		{1DCD98F3-D5D9-49C2-AC69-E7491714CB3F}.Release|x86.ActiveCfg = Release|Win32
		{1DCD98F3-D5D9-49C2-AC69-E7491714CB3F}.Release|x86.Build.0 = Release|Win32
		{BB7C84A2-C7D2-48D4-BDD1-76E1CA82401D}.Debug|x64.ActiveCfg = Debug|x64
		{BB7C84A2-C7D2-48D4-BDD1-76E1CA82401D}.Debug|x64.Build.0 = Debug|x64
		{BB7C84A2-C7D2-48D4-BDD1-76E1CA82401D}.Debug|x86.ActiveCfg = Debug|Win32
		{BB7C84A2-C7D2-48D4-BDD1-76E1CA82401D}.Debug|x86.Build.0 = Debug|Win32
		{BB7C84A2-C7D2-48D4-BDD1-76E1CA82401D}.Release|x64.ActiveCfg = Release|x64
		{BB7C84A2-C7D2-48D4-BDD1-76E1CA82401D}.Release|x64.Build.0 = Release|x64
		{BB7C84A2-C7D2-48D4-BDD1-76E1CA82401D}.Release|x86.ActiveCfg = Release|Win32
		{BB7C84A2-C7D2-48D4-BDD1-76E1CA82401D}.Release|x86.Build.0 = Release|Win32
		{51D3C659-8834-485E-BB2B-0BFC42B4AA4A}.Debug|x64.ActiveCfg = Debug|x64
		{51D3C659-8834-485E-BB2B-0BFC42B4AA4A}.Debug|x64.Build.0 = Debug|x64
		{51D3C659-8834-485E-BB2B-0BFC42B4AA4A}.Debug|x86.ActiveCfg = Debug|Win32
		{51D3C659-8834-485E-BB2B-0BFC42B4AA4A}.Debug|x86.Build.0 = Debug|Win32
		{51D3C659-8834-485E-BB2B-0BFC42B4AA4A}.Release|x64.ActiveCfg = Release|x64
		{51D3C659-8834-485E-BB2B-0BFC42B4AA4A}.Release|x64.Build.0 = Release|x64
		{51D3C659-8834-485E-BB2B-0BFC42B4AA4A}.Release|x86.ActiveCfg = Release|Win32
		{51D3C659-8834-485E-BB2B-0BFC42B4AA4A}.Release|x86.Build.0 = Release|Win32
		{2CC2DB1C-7198-4454-AB93-5AF4D7065552}.Debug|x64.ActiveCfg = Debug|x64
		{2CC2DB1C-7198-4454-AB93-5AF4D7065552}.Debug|x64.Build.0 = Debug|x64
		{2CC2DB1C-7198-4454-AB93-5AF4D7065552}.Debug|x86.ActiveCfg = Debug|Win32
		{2CC2DB1C-7198-4454-AB93-5AF4D7065552}.Debug|x86.Build.0 = Debug|Win32
		{2CC2DB1C-7198-4454-AB93-5AF4D7065552}.Release|x64.ActiveCfg = Release|x64
		{2CC2DB1C-7198-4454-AB93-5AF4D7065552}.Release|x64.Build.0 = Release|x64
		{2CC2DB1C-7198-4454-AB93-5AF4D7065552}.Release|x86.ActiveCfg = Release|Win32
		{2CC2DB1C-7198-4454-AB93-5AF4D7065552}.Release|x86.Build.0 = Release|Win32
		{24549944-CD9A-4EB8-A456-D10463C415EF}.Debug|x64.ActiveCfg = Debug|x64
		{24549944-CD9A-4EB8-A456-D10463C415EF}.Debug|x64.Build.0 = Debug|x64
		{24549944-CD9A-4EB8-A456-D10463C415EF}.Debug|x86.ActiveCfg = Debug|Win32
		{24549944-CD9A-4EB8-A456-D10463C415EF}.Debug|x86.Build.0 = Debug|Win32
		{24549944-CD9A-4EB8-A456-D10463C415EF}.Release|x64.ActiveCfg = Release|x64
		{24549944-CD9A-4EB8-A456-D10463C415EF}.Release|x64.Build.0 = Release|x64
		{24549944-CD9A-4EB8-A456-D10463C415EF}.Release|x86.ActiveCfg = Release|Win32
		{24549944-CD9A-4EB8-A456-D10463C415EF}.Release|x86.Build.0 = Release|Win32
		{EA685FA2-2E08-455F-870D-7A1226B36067}.Debug|x64.ActiveCfg = Debug|x64
		{EA685FA2-2E08-455F-870D-7A1226B36067}.Debug|x64.Build.0 = Debug|x64
		{EA685FA2-2E08-455F-870D-7A1226B36067}.Debug|x86.ActiveCfg = Debug|Win32
		{EA685FA2-2E08-455F-870D-7A1226B36067}.Debug|x86.Build.0 = Debug|Win32
		{EA685FA2-2E08-455F-870D-7A1226B36067}.Release|x64.ActiveCfg = Release|x64
		{EA685FA2-2E08-455F-870D-7A1226B36067}.Release|x64.Build.0 = Release|x64
		{EA685FA2-2E08-455F-870D-7A1226B36067}.Release|x86.ActiveCfg = Release|Win32
		{EA685FA2-2E08-455F-870D-7A1226B36067}.Release|x86.Build.0 = Release|Win32
		{771E2617-573F-4E15-B94C-B860E1C515FF}.Debug|x64.ActiveCfg = Debug|x64
		{771E2617-573F-4E15-B94C-B860E1C515FF}.Debug|x64.Build.0 = Debug|x64
		{771E2617-573F-4E15-B94C-B860E1C515FF}.Debug|x86.ActiveCfg = Debug|Win32
		{771E2617-573F-4E15-B94C-B860E1C515FF}.Debug|x86.Build.0 = Debug|Win32
		{771E2617-573F-4E15-B94C-B860E1C515FF}.Release|x64.ActiveCfg = Release|x64
		{771E2617-573F-4E15-B94C-B860E1C515FF}.Release|x64.Build.0 = Release|x64
		{771E2617-573F-4E15-B94C-B860E1C515FF}.Release|x86.ActiveCfg = Release|Win32
		{771E2617-573F-4E15-B94C-B860E1C515FF}.Release|x86.Build.0 = Release|Win32
		{841C3922-4BA3-4B8D-91F3-23AFBFA24AF3}.Debug|x64.ActiveCfg = Debug|x64
		{841C3922-4BA3-4B8D-91F3-23AFBFA24AF3}.Debug|x64.Build.0 = Debug|x64
		{841C3922-4BA3-4B8D-91F3-23AFBFA24AF3}.Debug|x86.ActiveCfg = Debug|Win32
		{841C3922-4BA3-4B8D-91F3-23AFBFA24AF3}.Debug|x86.Build.0 = Debug|Win32
		{841C3922-4BA3-4B8D-91F3-23AFBFA24AF3}.Release|x64.ActiveCfg = Release|x64
		{841C3922-4BA3-4B8D-91F3-23AFBFA24AF3}.Release|x64.Build.0 = Release|x64
		{841C3922-4BA3-4B8D-91F3-23AFBFA24AF3}.Release|x86.ActiveCfg = Release|Win32
		{841C3922-4BA3-4B8D-91F3-23AFBFA24AF3}.Release|x86.Build.0 = Release|Win32
		{C1B1CEC4-E498-4D09-B8FF-8FC22F127B1A}.Debug|x64.ActiveCfg = Debug|x64
		{C1B1CEC4-E498-4D09-B8FF-8FC22F127B1A}.Debug|x64.Build.0 = Debug|x64
		{C1B1CEC4-E498-4D09-B8FF-8FC22F127B1A}.Debug|x86.ActiveCfg = Debug|Win32
		{C1B1CEC4-E498-4D09-B8FF-8FC22F127B1A}.Debug|x86.Build.0 = Debug|Win32
		{C1B1CEC4-E498-4D09-B8FF-8FC22F127B1A}.Release|x64.ActiveCfg = Release|x64
		{C1B1CEC4-E498-4D09-B8FF-8FC22F127B1A}.Release|x64.Build.0 = Release|x64
		{C1B1CEC4-E498-4D09-B8FF-8FC22F127B1A}.Release|x86.ActiveCfg = Release|Win32
		{C1B1CEC4-E498-4D09-B8FF-8FC22F127B1A}.Release|x86.Build.0 = Release|Win32
		{DC0FC2B9-3AC8-438A-97B0-AB27DEBBF3DC}.Debug|x64.ActiveCfg = Debug|x64
		{DC0FC2B9-3AC8-438A-97B0-AB27DEBBF3DC}.Debug|x64.Build.0 = Debug|x64
		{DC0FC2B9-3AC8-438A-97B0-AB27DEBBF3DC}.Debug|x86.ActiveCfg = Debug|Win32
		{DC0FC2B9-3AC8-438A-97B0-AB27DEBBF3DC}.Debug|x86.Build.0 = Debug|Win32
		{DC0FC2B9-3AC8-438A-97B0-AB27DEBBF3DC}.Release|x64.ActiveCfg = Release|x64
		{DC0FC2B9-3AC8-438A-97B0-AB27DEBBF3DC}.Release|x64.Build.0 = Release|x64
		{DC0FC2B9-3AC8-438A-97B0-AB27DEBBF3DC}.Release|x86.ActiveCfg = Release|Win32
		{DC0FC2B9-3AC8-438A-97B0-AB27DEBBF3DC}.Release|x86.Build.0 = Release|Win32
		{B932E477-1D1F-4D76-9968-4EBBD74F0CBA}.Debug|x64.ActiveCfg = Debug|x64
		{B932E477-1D1F-4D76-9968-4EBBD74F0CBA}.Debug|x64.Build.0 = Debug|x64
		{B932E477-1D1F-4D76-9968-4EBBD74F0CBA}.Debug|x86.ActiveCfg = Debug|Win32
		{B932E477-1D1F-4D76-9968-4EBBD74F0CBA}.Debug|x86.Build.0 = Debug|Win32
		{B932E477-1D1F-4D76-9968-4EBBD74F0CBA}.Release|x64.ActiveCfg = Release|x64
		{B932E477-1D1F-4D76-9968-4EBBD74F0CBA}.Release|x64.Build.0 = Release|x64
		{B932E477-1D1F-4D76-9968-4EBBD74F0CBA}.Release|x86.ActiveCfg = Release|Win32
		{B932E477-1D1F-4D76-9968-4EBBD74F0CBA}.Release|x86.Build.0 = Release|Win32
		{4EA51E70-D023-4A44-9C79-96D632A0DD77}.Debug|x64.ActiveCfg = Debug|x64
		{4EA51E70-D023-4A44-9C79-96D632A0DD77}.Debug|x64.Build.0 = Debug|x64
		{4EA51E70-D023-4A44-9C79-96D632A0DD77}.Debug|x86.ActiveCfg = Debug|Win32
		{4EA51E70-D023-4A44-9C79-96D632A0DD77}.Debug|x86.Build.0 = Debug|Win32
		{4EA51E70-D023-4A44-9C79-96D632A0DD77}.Release|x64.ActiveCfg = Release|x64
		{4EA51E70-D023-4A44-9C79-96D632A0DD77}.Release|x64.Build.0 = Release|x64
		{4EA51E70-D023-4A44-9C79-96D632A0DD77}.Release|x86.ActiveCfg = Release|Win32
		{4EA51E70-D023-4A44-9C79-96D632A0DD77}.Release|x86.Build.0 = Release|Win32
		{EC048E7D-2927-4A28-AC06-A4BE7B6B7DFF}.Debug|x64.ActiveCfg = Debug|x64
		{EC048E7D-2927-4A28-AC06-A4BE7B6B7DFF}.Debug|x64.Build.0 = Debug|x64
		{EC048E7D-2927-4A28-AC06-A4BE7B6B7DFF}.Debug|x86.ActiveCfg = Debug|Win32
		{EC048E7D-2927-4A28-AC06-A4BE7B6B7DFF}.Debug|x86.Build.0 = Debug|Win32
		{EC048E7D-2927-4A28-AC06-A4BE7B6B7DFF}.Release|x64.ActiveCfg = Release|x64
		{EC048E7D-2927-4A28-AC06-A4BE7B6B7DFF}.Release|x64.Build.0 = Release|x64
		{EC048E7D-2927-4A28-AC06-A4BE7B6B7DFF}.Release|x86.ActiveCfg = Release|Win32
		{EC048E7D-2927-4A28-AC06-A4BE7B6B7DFF}.Release|x86.Build.0 = Release|Win32
		{51D24FD7-9770-4B61-B0A8-853B340CE6D2}.Debug|x64.ActiveCfg = Debug|x64
		{51D24FD7-9770-4B61-B0A8-853B340CE6D2}.Debug|x64.Build.0 = Debug|x64
		{51D24FD7-9770-4B61-B0A8-853B340CE6D2}.Debug|x86.ActiveCfg = Debug|Win32
		{51D24FD7-9770-4B61-B0A8-853B340CE6D2}.Debug|x86.Build.0 = Debug|Win32
		{51D24FD7-9770-4B61-B0A8-853B340CE6D2}.Release|x64.ActiveCfg = Release|x64
		{51D24FD7-9770-4B61-B0A8-853B340CE6D2}.Release|x64.Build.0 = Release|x64
		{51D24FD7-9770-4B61-B0A8-853B340CE6D2}.Release|x86.ActiveCfg = Release|Win32
		{51D24FD7-9770-4B61-B0A8-853B340CE6D2}.Release|x86.Build.0 = Release|Win32
		{628B7458-0585-43E7-8569-C2C902A7EEAC}.Debug|x64.ActiveCfg = Debug|x64
		{628B7458-0585-43E7-8569-C2C902A7EEAC}.Debug|x64.Build.0 = Debug|x64
		{628B7458-0585-43E7-8569-C2C902A7EEAC}.Debug|x86.ActiveCfg = Debug|Win32
		{628B7458-0585-43E7-8569-C2C902A7EEAC}.Debug|x86.Build.0 = Debug|Win32
		{628B7458-0585-43E7-8569-C2C902A7EEAC}.Release|x64.ActiveCfg = Release|x64
		{628B7458-0585-43E7-8569-C2C902A7EEAC}.Release|x64.Build.0 = Release|x64
		{628B7458-0585-43E7-8569-C2C902A7EEAC}.Release|x86.ActiveCfg = Release|Win32
		{628B7458-0585-43E7-8569-C2C902A7EEAC}.Release|x86.Build.0 = Release|Win32
		{4E606A83-34A0-4F87-BFE4-8FE8E59E2E3F}.Debug|x64.ActiveCfg = Debug|x64
		{4E606A83-34A0-4F87-BFE4-8FE8E59E2E3F}.Debug|x64.Build.0 = Debug|x64
		{4E606A83-34A0-4F87-BFE4-8FE8E59E2E3F}.Debug|x86.ActiveCfg = Debug|Win32
		{4E606A83-34A0-4F87-BFE4-8FE8E59E2E3F}.Debug|x86.Build.0 = Debug|Win32
		{4E606A83-34A0-4F87-BFE4-8FE8E59E2E3F}.Release|x64.ActiveCfg = Release|x64
		{4E606A83-34A0-4F87-BFE4-8FE8E59E2E3F}.Release|x64.Build.0 = Release|x64
		{4E606A83-34A0-4F87-BFE4-8FE8E59E2E3F}.Release|x86.ActiveCfg = Release|Win32
		{4E606A83-34A0-4F87-BFE4-8FE8E59E2E3F}.Release|x86.Build.0 = Release|Win32
		{7C075FD3-390E-466C-AAC1-B8D8B5F74A51}.Debug|x64.ActiveCfg = Debug|x64
		{7C075FD3-390E-466C-AAC1-B8D8B5F74A51}.Debug|x64.Build.0 = Debug|x64
		{7C075FD3-390E-466C-AAC1-B8D8B5F74A51}.Debug|x86.ActiveCfg = Debug|Win32
		{7C075FD3-390E-466C-AAC1-B8D8B5F74A51}.Debug|x86.Build.0 = Debug|Win32
		{7C075FD3-390E-466C-AAC1-B8D8B5F74A51}.Release|x64.ActiveCfg = Release|x64
		{7C075FD3-390E-466C-AAC1-B8D8B5F74A51}.Release|x64.Build.0 = Release|x64
		{7C075FD3-390E-466C-AAC1-B8D8B5F74A51}.Release|x86.ActiveCfg = Release|Win32
		{7C075FD3-390E-466C-AAC1-B8D8B5F74A51}.Release|x86.Build.0 = Release|Win32
		{0204E372-DF53-46F8-B712-D5B411A74D9D}.Debug|x64.ActiveCfg = Debug|x64
		{0204E372-DF53-46F8-B712-D5B411A74D9D}.Debug|x64.Build.0 = Debug|x64
		{0204E372-DF53-46F8-B712-D5B411A74D9D}.Debug|x86.ActiveCfg = Debug|Win32
		{0204E372-DF53-46F8-B712-D5B411A74D9D}.Debug|x86.Build.0 = Debug|Win32
		{0204E372-DF53-46F8-B712-D5B411A74D9D}.Release|x64.ActiveCfg = Release|x64
		{0204E372-DF53-46F8-B712-D5B411A74D9D}.Release|x64.Build.0 = Release|x64
		{0204E372-DF53-46F8-B712-D5B411A74D9D}.Release|x86.ActiveCfg = Release|Win32
		{0204E372-DF53-46F8-B712-D5B411A74D9D}.Release|x86.Build.0 = Release|Win32
		{D682B410-12F7-4502-89AF-AC418B5271FB}.Debug|x64.ActiveCfg = Debug|x64
		{D682B410-12F7-4502-89AF-AC418B5271FB}.Debug|x64.Build.0 = Debug|x64
		{D682B410-12F7-4502-89AF-AC418B5271FB}.Debug|x86.ActiveCfg = Debug|Win32
		{D682B410-12F7-4502-89AF-AC418B5271FB}.Debug|x86.Build.0 = Debug|Win32
		{D682B410-12F7-4502-89AF-AC418B5271FB}.Release|x64.ActiveCfg = Release|x64
		{D682B410-12F7-4502-89AF-AC418B5271FB}.Release|x64.Build.0 = Release|x64
		{D682B410-12F7-4502-89AF-AC418B5271FB}.Release|x86.ActiveCfg = Release|Win32
		{D682B410-12F7-4502-89AF-AC418B5271FB}.Release|x86.Build.0 = Release|Win32
		{D9F19CB9-F5DE-48AA-97CB-D90DC730732A}.Debug|x64.ActiveCfg = Debug|x64
		{D9F19CB9-F5DE-48AA-97CB-D90DC730732A}.Debug|x64.Build.0 = Debug|x64
		{D9F19CB9-F5DE-48AA-97CB-D90DC730732A}.Debug|x86.ActiveCfg = Debug|Win32
		{D9F19CB9-F5DE-48AA-97CB-D90DC730732A}.Debug|x86.Build.0 = Debug|Win32
		{D9F19CB9-F5DE-48AA-97CB-D90DC730732A}.Release|x64.ActiveCfg = Release|x64
		{D9F19CB9-F5DE-48AA-97CB-D90DC730732A}.Release|x64.Build.0 = Release|x64
		{D9F19CB9-F5DE-48AA-97CB-D90DC730732A}.Release|x86.ActiveCfg = Release|Win32
		{D9F19CB9-F5DE-48AA-97CB-D90DC730732A}.Release|x86.Build.0 = Release|Win32
		{CDF5A76B-F0DD-4502-91F7-A77FC74B0E64}.Debug|x64.ActiveCfg = Debug|x64
		{CDF5A76B-F0DD-4502-91F7-A77FC74B0E64}.Debug|x64.Build.0 = Debug|x64
		{CDF5A76B-F0DD-4502-91F7-A77FC74B0E64}.Debug|x86.ActiveCfg = Debug|Win32
		{CDF5A76B-F0DD-4502-91F7-A77FC74B0E64}.Debug|x86.Build.0 = Debug|Win32
		{CDF5A76B-F0DD-4502-91F7-A77FC74B0E64}.Release|x64.ActiveCfg = Release|x64
		{CDF5A76B-F0DD-4502-91F7-A77FC74B0E64}.Release|x64.Build.0 = Release|x64
		{CDF5A76B-F0DD-4502-91F7-A77FC74B0E64}.Release|x86.ActiveCfg = Release|Win32
		{CDF5A76B-F0DD-4502-91F7-A77FC74B0E64}.Release|x86.Build.0 = Release|Win32
		{20C995A9-8AEC-44D7-A91B-5178DD32D710}.Debug|x64.ActiveCfg = Debug|x64
		{20C995A9-8AEC-44D7-A91B-5178DD32D710}.Debug|x64.Build.0 = Debug|x64
		{20C995A9-8AEC-44D7-A91B-5178DD32D710}.Debug|x86.ActiveCfg = Debug|Win32
		{20C995A9-8AEC-44D7-A91B-5178DD32D710}.Debug|x86.Build.0 = Debug|Win32
		{20C995A9-8AEC-44D7-A91B-5178DD32D710}.Release|x64.ActiveCfg = Release|x64
		{20C995A9-8AEC-44D7-A91B-5178DD32D710}.Release|x64.Build.0 = Release|x64
		{20C995A9-8AEC-44D7-A91B-5178DD32D710}.Release|x86.ActiveCfg = Release|Win32
		{20C995A9-8AEC-44D7-A91B-5178DD32D710}.Release|x86.Build.0 = Release|Win32
		{C5D29413-6B3B-4EB5-B98E-0EA2458D4BF8}.Debug|x64.ActiveCfg = Debug|x64
		{C5D29413-6B3B-4EB5-B98E-0EA2458D4BF8}.Debug|x64.Build.0 = Debug|x64
		{C5D29413-6B3B-4EB5-B98E-0EA2458D4BF8}.Debug|x86.ActiveCfg = Debug|Win32
		{C5D29413-6B3B-4EB5-B98E-0EA2458D4BF8}.Debug|x86.Build.0 = Debug|Win32
		{C5D29413-6B3B-4EB5-B98E-0EA2458D4BF8}.Release|x64.ActiveCfg = Release|x64
		{C5D29413-6B3B-4EB5-B98E-0EA2458D4BF8}.Release|x64.Build.0 = Release|x64
		{C5D29413-6B3B-4EB5-B98E-0EA2458D4BF8}.Release|x86.ActiveCfg = Release|Win32
		{C5D29413-6B3B-4EB5-B98E-0EA2458D4BF8}.Release|x86.Build.0 = Release|Win32
		{DBF14DAE-0418-4587-BE94-AD51C5AAF391}.Debug|x64.ActiveCfg = Debug|x64
		{DBF14DAE-0418-4587-BE94-AD51C5AAF391}.Debug|x64.Build.0 = Debug|x64
		{DBF14DAE-0418-4587-BE94-AD51C5AAF391}.Debug|x86.ActiveCfg = Debug|Win32
		{DBF14DAE-0418-4587-BE94-AD51C5AAF391}.Debug|x86.Build.0 = Debug|Win32
		{DBF14DAE-0418-4587-BE94-AD51C5AAF391}.Release|x64.ActiveCfg = Release|x64
		{DBF14DAE-0418-4587-BE94-AD51C5AAF391}.Release|x64.Build.0 = Release|x64
		{DBF14DAE-0418-4587-BE94-AD51C5AAF391}.Release|x86.ActiveCfg = Release|Win32
		{DBF14DAE-0418-4587-BE94-AD51C5AAF391}.Release|x86.Build.0 = Release|Win32
		{9AAC43FF-FEB5-40AE-823E-110DCAA77DB5}.Debug|x64.ActiveCfg = Debug|x64
		{9AAC43FF-FEB5-40AE-823E-110DCAA77DB5}.Debug|x64.Build.0 = Debug|x64
		{9AAC43FF-FEB5-40AE-823E-110DCAA77DB5}.Debug|x86.ActiveCfg = Debug|Win32
		{9AAC43FF-FEB5-40AE-823E-110DCAA77DB5}.Debug|x86.Build.0 = Debug|Win32
		{9AAC43FF-FEB5-40AE-823E-110DCAA77DB5}.Release|x64.ActiveCfg = Release|x64
		{9AAC43FF-FEB5-40AE-823E-110DCAA77DB5}.Release|x64.Build.0 = Release|x64
		{9AAC43FF-FEB5-40AE-823E-110DCAA77DB5}.Release|x86.ActiveCfg = Release|Win32
		{9AAC43FF-FEB5-40AE-823E-110DCAA77DB5}.Release|x86.Build.0 = Release|Win32
		{386F1322-97D4-4795-8811-27734A9BEE1E}.Debug|x64.ActiveCfg = Debug|x64
		{386F1322-97D4-4795-8811-27734A9BEE1E}.Debug|x64.Build.0 = Debug|x64
		{386F1322-97D4-4795-8811-27734A9BEE1E}.Debug|x86.ActiveCfg = Debug|Win32
		{386F1322-97D4-4795-8811-27734A9BEE1E}.Debug|x86.Build.0 = Debug|Win32
		{386F1322-97D4-4795-8811-27734A9BEE1E}.Release|x64.ActiveCfg = Release|x64
		{386F1322-97D4-4795-8811-27734A9BEE1E}.Release|x64.Build.0 = Release|x64
		{386F1322-97D4-4795-8811-27734A9BEE1E}.Release|x86.ActiveCfg = Release|Win32
		{386F1322-97D4-4795-8811-27734A9BEE1E}.Release|x86.Build.0 = Release|Win32
		{27AF0487-5FC9-4A78-920A-276063CA2FBB}.Debug|x64.ActiveCfg = Debug|x64
		{27AF0487-5FC9-4A78-920A-276063CA2FBB}.Debug|x64.Build.0 = Debug|x64
		{27AF0487-5FC9-4A78-920A-276063CA2FBB}.Debug|x86.ActiveCfg = Debug|Win32
		{27AF0487-5FC9-4A78-920A-276063CA2FBB}.Debug|x86.Build.0 = Debug|Win32
		{27AF0487-5FC9-4A78-920A-276063CA2FBB}.Release|x64.ActiveCfg = Release|x64
		{27AF0487-5FC9-4A78-920A-276063CA2FBB}.Release|x64.Build.0 = Release|x64
		{27AF0487-5FC9-4A78-920A-276063CA2FBB}.Release|x86.ActiveCfg = Release|Win32
		{27AF0487-5FC9-4A78-920A-276063CA2FBB}.Release|x86.Build.0 = Release|Win32
		{2FE3321D-8779-42E4-B28B-2F84F35CE845}.Debug|x64.ActiveCfg = Debug|x64
		{2FE3321D-8779-42E4-B28B-2F84F35CE845}.Debug|x64.Build.0 = Debug|x64
		{2FE3321D-8779-42E4-B28B-2F84F35CE845}.Debug|x86.ActiveCfg = Debug|Win32
		{2FE3321D-8779-42E4-B28B-2F84F35CE845}.Debug|x86.Build.0 = Debug|Win32
		{2FE3321D-8779-42E4-B28B-2F84F35CE845}.Release|x64.ActiveCfg = Release|x64
		{2FE3321D-8779-42E4-B28B-2F84F35CE845}.Release|x64.Build.0 = Release|x64
		{2FE3321D-8779-42E4-B28B-2F84F35CE845}.Release|x86.ActiveCfg = Release|Win32
		{2FE3321D-8779-42E4-B28B-2F84F35CE845}.Release|x86.Build.0 = Release|Win32
		{08A33FB2-EBA7-4DC3-8711-E3ECFAF741EF}.Debug|x64.ActiveCfg = Debug|x64
		{08A33FB2-EBA7-4DC3-8711-E3ECFAF741EF}.Debug|x64.Build.0 = Debug|x64
		{08A33FB2-EBA7-4DC3-8711-E3ECFAF741EF}.Debug|x86.ActiveCfg = Debug|Win32
		{08A33FB2-EBA7-4DC3-8711-E3ECFAF741EF}.Debug|x86.Build.0 = Debug|Win32
		{08A33FB2-EBA7-4DC3-8711-E3ECFAF741EF}.Release|x64.ActiveCfg = Release|x64
		{08A33FB2-EBA7-4DC3-8711-E3ECFAF741EF}.Release|x64.Build.0 = Release|x64
		{08A33FB2-EBA7-4DC3-8711-E3ECFAF741EF}.Release|x86.ActiveCfg = Release|Win32
		{08A33FB2-EBA7-4DC3-8711-E3ECFAF741EF}.Release|x86.Build.0 = Release|Win32
		{7C2526A5-A48C-49E2-80A3-9B2679929F08}.Debug|x64.ActiveCfg = Debug|x64
		{7C2526A5-A48C-49E2-80A3-9B2679929F08}.Debug|x64.Build.0 = Debug|x64
		{7C2526A5-A48C-49E2-80A3-9B2679929F08}.Debug|x86.ActiveCfg = Debug|Win32
		{7C2526A5-A48C-49E2-80A3-9B2679929F08}.Debug|x86.Build.0 = Debug|Win32
		{7C2526A5-A48C-49E2-80A3-9B2679929F08}.Release|x64.ActiveCfg = Release|x64
		{7C2526A5-A48C-49E2-80A3-9B2679929F08}.Release|x64.Build.0 = Release|x64
		{7C2526A5-A48C-49E2-80A3-9B2679929F08}.Release|x86.ActiveCfg = Release|Win32
		{7C2526A5-A48C-49E2-80A3-9B2679929F08}.Release|x86.Build.0 = Release|Win32
	EndGlobalSection
	GlobalSection(SolutionProperties) = preSolution
		HideSolutionNode = FALSE
	EndGlobalSection
	GlobalSection(ExtensibilityGlobals) = postSolution
		SolutionGuid = {38F63F54-BA7A-4CC7-A114-5434D21C2227}
	EndGlobalSection
EndGlobal
